
Microsoft Visual Studio Solution File, Format Version 12.00
# Visual Studio Version 17
VisualStudioVersion = 17.9.34616.47
MinimumVisualStudioVersion = 10.0.40219.1
Project("{FAE04EC0-301F-11D3-BF4B-00C04F79EFBC}") = "DBC.Core.Application", "DBC.Core.Application\DBC.Core.Application.csproj", "{15739AA3-BFEF-4C64-92E1-0064738C1854}"
EndProject
Project("{FAE04EC0-301F-11D3-BF4B-00C04F79EFBC}") = "DBC.Core.Domain", "DBC.Core.Domain\DBC.Core.Domain.csproj", "{53BC7AF0-19EB-4C62-93A0-FE0944FDE2C5}"
EndProject
Project("{FAE04EC0-301F-11D3-BF4B-00C04F79EFBC}") = "DBC.Core.Shared", "DBC.Core.Shared\DBC.Core.Shared.csproj", "{3B1EA820-109E-4B77-BA4D-409340F798AD}"
EndProject
Global
	GlobalSection(SolutionConfigurationPlatforms) = preSolution
		Debug|Any CPU = Debug|Any CPU
		Release|Any CPU = Release|Any CPU
	EndGlobalSection
	GlobalSection(ProjectConfigurationPlatforms) = postSolution
		{15739AA3-BFEF-4C64-92E1-0064738C1854}.Debug|Any CPU.ActiveCfg = Debug|Any CPU
		{15739AA3-BFEF-4C64-92E1-0064738C1854}.Debug|Any CPU.Build.0 = Debug|Any CPU
		{15739AA3-BFEF-4C64-92E1-0064738C1854}.Release|Any CPU.ActiveCfg = Release|Any CPU
		{15739AA3-BFEF-4C64-92E1-0064738C1854}.Release|Any CPU.Build.0 = Release|Any CPU
		{53BC7AF0-19EB-4C62-93A0-FE0944FDE2C5}.Debug|Any CPU.ActiveCfg = Debug|Any CPU
		{53BC7AF0-19EB-4C62-93A0-FE0944FDE2C5}.Debug|Any CPU.Build.0 = Debug|Any CPU
		{53BC7AF0-19EB-4C62-93A0-FE0944FDE2C5}.Release|Any CPU.ActiveCfg = Release|Any CPU
		{53BC7AF0-19EB-4C62-93A0-FE0944FDE2C5}.Release|Any CPU.Build.0 = Release|Any CPU
		{3B1EA820-109E-4B77-BA4D-409340F798AD}.Debug|Any CPU.ActiveCfg = Debug|Any CPU
		{3B1EA820-109E-4B77-BA4D-409340F798AD}.Debug|Any CPU.Build.0 = Debug|Any CPU
		{3B1EA820-109E-4B77-BA4D-409340F798AD}.Release|Any CPU.ActiveCfg = Release|Any CPU
		{3B1EA820-109E-4B77-BA4D-409340F798AD}.Release|Any CPU.Build.0 = Release|Any CPU
	EndGlobalSection
	GlobalSection(SolutionProperties) = preSolution
		HideSolutionNode = FALSE
	EndGlobalSection
	GlobalSection(ExtensibilityGlobals) = postSolution
		SolutionGuid = {D6967F43-E4AD-41A4-8B46-14422EB39E61}
	EndGlobalSection
EndGlobal
